{
    "_readme": [
        "This file locks the dependencies of your project to a known state",
        "Read more about it at https://getcomposer.org/doc/01-basic-usage.md#composer-lock-the-lock-file",
        "This file is @generated automatically"
    ],
    "hash": "cb1685f879d92cab29de992feb5ca4ba",
    "content-hash": "b057c5f822fa99bf95fb64eb5823df9b",
    "packages": [
        {
            "name": "nette/caching",
            "version": "v2.3.4",
            "source": {
                "type": "git",
                "url": "https://github.com/nette/caching.git",
                "reference": "a588a12f4faace29fc2a5d8775f01ecf36a7ae10"
            },
            "dist": {
                "type": "zip",
                "url": "https://api.github.com/repos/nette/caching/zipball/a588a12f4faace29fc2a5d8775f01ecf36a7ae10",
                "reference": "a588a12f4faace29fc2a5d8775f01ecf36a7ae10",
                "shasum": ""
            },
            "require": {
                "nette/finder": "~2.2",
                "nette/utils": "~2.2",
                "php": ">=5.3.1"
            },
            "conflict": {
                "nette/nette": "<2.2"
            },
            "require-dev": {
                "latte/latte": "~2.3.0",
                "nette/di": "~2.3",
                "nette/tester": "~1.6"
            },
            "type": "library",
            "extra": {
                "branch-alias": {
                    "dev-master": "2.3-dev"
                }
            },
            "autoload": {
                "classmap": [
                    "src/"
                ]
            },
            "notification-url": "https://packagist.org/downloads/",
            "license": [
                "BSD-3-Clause",
                "GPL-2.0",
                "GPL-3.0"
            ],
            "authors": [
                {
                    "name": "David Grudl",
                    "homepage": "https://davidgrudl.com"
                },
                {
                    "name": "Nette Community",
                    "homepage": "https://nette.org/contributors"
                }
            ],
            "description": "Nette Caching Component",
            "homepage": "https://nette.org",
            "time": "2015-11-24 14:29:40"
        },
        {
            "name": "nette/finder",
            "version": "v2.3.1",
            "source": {
                "type": "git",
                "url": "https://github.com/nette/finder.git",
                "reference": "38f803a03f4cddf352e28af70294c71f7026e516"
            },
            "dist": {
                "type": "zip",
                "url": "https://api.github.com/repos/nette/finder/zipball/38f803a03f4cddf352e28af70294c71f7026e516",
                "reference": "38f803a03f4cddf352e28af70294c71f7026e516",
                "shasum": ""
            },
            "require": {
                "nette/utils": "~2.2",
                "php": ">=5.3.1"
            },
            "conflict": {
                "nette/nette": "<2.2"
            },
            "require-dev": {
                "nette/tester": "~1.4"
            },
            "type": "library",
            "autoload": {
                "classmap": [
                    "src/"
                ]
            },
            "notification-url": "https://packagist.org/downloads/",
            "license": [
                "BSD-3-Clause",
                "GPL-2.0",
                "GPL-3.0"
            ],
            "authors": [
                {
                    "name": "David Grudl",
                    "homepage": "http://davidgrudl.com"
                },
                {
                    "name": "Nette Community",
                    "homepage": "http://nette.org/contributors"
                }
            ],
            "description": "Nette Finder: Files Searching",
            "homepage": "http://nette.org",
            "time": "2015-07-11 21:13:50"
        },
        {
            "name": "nette/robot-loader",
            "version": "v2.3.1",
            "source": {
                "type": "git",
                "url": "https://github.com/nette/robot-loader.git",
                "reference": "69331d359bbc9e5f911c12b82187cac914d983fb"
            },
            "dist": {
                "type": "zip",
                "url": "https://api.github.com/repos/nette/robot-loader/zipball/69331d359bbc9e5f911c12b82187cac914d983fb",
                "reference": "69331d359bbc9e5f911c12b82187cac914d983fb",
                "shasum": ""
            },
            "require": {
                "nette/caching": "~2.2",
                "nette/finder": "~2.3",
                "nette/utils": "~2.2",
                "php": ">=5.3.1"
            },
            "conflict": {
                "nette/nette": "<2.2"
            },
            "require-dev": {
                "nette/tester": "~1.4"
            },
            "type": "library",
            "autoload": {
                "classmap": [
                    "src/"
                ]
            },
            "notification-url": "https://packagist.org/downloads/",
            "license": [
                "BSD-3-Clause",
                "GPL-2.0",
                "GPL-3.0"
            ],
            "authors": [
                {
                    "name": "David Grudl",
                    "homepage": "http://davidgrudl.com"
                },
                {
                    "name": "Nette Community",
                    "homepage": "http://nette.org/contributors"
                }
            ],
            "description": "Nette RobotLoader: comfortable autoloading",
            "homepage": "http://nette.org",
            "time": "2015-07-11 21:20:57"
        },
        {
            "name": "nette/utils",
            "version": "v2.3.7",
            "source": {
                "type": "git",
                "url": "https://github.com/nette/utils.git",
                "reference": "6f1ed73088c28a24acc9657ca14b3418a270e24b"
            },
            "dist": {
                "type": "zip",
                "url": "https://api.github.com/repos/nette/utils/zipball/6f1ed73088c28a24acc9657ca14b3418a270e24b",
                "reference": "6f1ed73088c28a24acc9657ca14b3418a270e24b",
                "shasum": ""
            },
            "require": {
                "php": ">=5.3.1"
            },
            "conflict": {
                "nette/nette": "<2.2"
            },
            "require-dev": {
                "nette/tester": "~1.0"
            },
            "suggest": {
                "ext-gd": "to use Image",
                "ext-iconv": "to use Strings::webalize() and toAscii()",
                "ext-intl": "for script transliteration in Strings::webalize() and toAscii()",
                "ext-mbstring": "to use Strings::lower() etc..."
            },
            "type": "library",
            "autoload": {
                "classmap": [
                    "src/"
                ]
            },
            "notification-url": "https://packagist.org/downloads/",
            "license": [
                "BSD-3-Clause",
                "GPL-2.0",
                "GPL-3.0"
            ],
            "authors": [
                {
                    "name": "David Grudl",
                    "homepage": "https://davidgrudl.com"
                },
                {
                    "name": "Nette Community",
                    "homepage": "https://nette.org/contributors"
                }
            ],
            "description": "Nette Utility Classes",
            "homepage": "https://nette.org",
            "time": "2015-11-30 00:11:35"
        }
    ],
    "packages-dev": [
        {
            "name": "nette/tester",
            "version": "v1.6.1",
            "source": {
                "type": "git",
                "url": "https://github.com/nette/tester.git",
                "reference": "b0f312e7ab9a70bbd5c92568e2a20dd46be9a529"
            },
            "dist": {
                "type": "zip",
                "url": "https://api.github.com/repos/nette/tester/zipball/b0f312e7ab9a70bbd5c92568e2a20dd46be9a529",
                "reference": "b0f312e7ab9a70bbd5c92568e2a20dd46be9a529",
                "shasum": ""
            },
            "require": {
                "php": ">=5.3.0"
            },
            "bin": [
                "src/tester"
            ],
            "type": "library",
            "extra": {
                "branch-alias": {
                    "dev-master": "1.6-dev"
                }
            },
            "autoload": {
                "classmap": [
                    "src/"
                ]
            },
            "notification-url": "https://packagist.org/downloads/",
            "license": [
                "BSD-3-Clause",
                "GPL-2.0",
                "GPL-3.0"
            ],
            "authors": [
                {
                    "name": "David Grudl",
                    "homepage": "https://davidgrudl.com"
                },
                {
                    "name": "Nette Community",
                    "homepage": "https://nette.org/contributors"
                }
            ],
            "description": "An easy-to-use PHP unit testing framework.",
            "homepage": "https://tester.nette.org",
            "keywords": [
                "nette",
                "testing",
                "unit"
            ],
            "time": "2015-10-26 05:38:30"
        }
    ],
    "aliases": [],
    "minimum-stability": "stable",
    "stability-flags": [],
    "prefer-stable": false,
    "prefer-lowest": false,
    "platform": {
        "php": ">= 5.5.0"
    },
    "platform-dev": []
}
